// !$*UTF8*$!
{
	archiveVersion = 1;
	classes = {
	};
	objectVersion = 50;
	objects = {

/* Begin PBXBuildFile section */
		02817FE502DA259D9B57D554 /* Pods_testTrand.framework in Frameworks */ = {isa = PBXBuildFile; fileRef = 9A2A403657E3C8C07E7358EE /* Pods_testTrand.framework */; };
		362EB0492181F95400416975 /* AppDelegate.swift in Sources */ = {isa = PBXBuildFile; fileRef = 362EB0482181F95400416975 /* AppDelegate.swift */; };
		362EB04B2181F95400416975 /* ViewController.swift in Sources */ = {isa = PBXBuildFile; fileRef = 362EB04A2181F95400416975 /* ViewController.swift */; };
		362EB04E2181F95400416975 /* Main.storyboard in Resources */ = {isa = PBXBuildFile; fileRef = 362EB04C2181F95400416975 /* Main.storyboard */; };
		362EB0502181F95400416975 /* Assets.xcassets in Resources */ = {isa = PBXBuildFile; fileRef = 362EB04F2181F95400416975 /* Assets.xcassets */; };
		362EB0532181F95400416975 /* LaunchScreen.storyboard in Resources */ = {isa = PBXBuildFile; fileRef = 362EB0512181F95400416975 /* LaunchScreen.storyboard */; };
		362EB05B21820C8900416975 /* SearchResponse.swift in Sources */ = {isa = PBXBuildFile; fileRef = 362EB05A21820C8900416975 /* SearchResponse.swift */; };
		362EB05D21820D7200416975 /* DataResult.swift in Sources */ = {isa = PBXBuildFile; fileRef = 362EB05C21820D7200416975 /* DataResult.swift */; };
		362EB05F21820F7700416975 /* Results.swift in Sources */ = {isa = PBXBuildFile; fileRef = 362EB05E21820F7700416975 /* Results.swift */; };
		362EB06121821A6900416975 /* Builder.swift in Sources */ = {isa = PBXBuildFile; fileRef = 362EB06021821A6900416975 /* Builder.swift */; };
		362EB06321821EBD00416975 /* Subways.swift in Sources */ = {isa = PBXBuildFile; fileRef = 362EB06221821EBD00416975 /* Subways.swift */; };
		362EB0652182D9DF00416975 /* MinPrices.swift in Sources */ = {isa = PBXBuildFile; fileRef = 362EB0642182D9DF00416975 /* MinPrices.swift */; };
		362EB06A218304D400416975 /* AdvertCell.swift in Sources */ = {isa = PBXBuildFile; fileRef = 362EB069218304D400416975 /* AdvertCell.swift */; };
/* End PBXBuildFile section */

/* Begin PBXFileReference section */
		362EB0452181F95400416975 /* testTrand.app */ = {isa = PBXFileReference; explicitFileType = wrapper.application; includeInIndex = 0; path = testTrand.app; sourceTree = BUILT_PRODUCTS_DIR; };
		362EB0482181F95400416975 /* AppDelegate.swift */ = {isa = PBXFileReference; lastKnownFileType = sourcecode.swift; path = AppDelegate.swift; sourceTree = "<group>"; };
		362EB04A2181F95400416975 /* ViewController.swift */ = {isa = PBXFileReference; lastKnownFileType = sourcecode.swift; path = ViewController.swift; sourceTree = "<group>"; };
		362EB04D2181F95400416975 /* Base */ = {isa = PBXFileReference; lastKnownFileType = file.storyboard; name = Base; path = Base.lproj/Main.storyboard; sourceTree = "<group>"; };
		362EB04F2181F95400416975 /* Assets.xcassets */ = {isa = PBXFileReference; lastKnownFileType = folder.assetcatalog; path = Assets.xcassets; sourceTree = "<group>"; };
		362EB0522181F95400416975 /* Base */ = {isa = PBXFileReference; lastKnownFileType = file.storyboard; name = Base; path = Base.lproj/LaunchScreen.storyboard; sourceTree = "<group>"; };
		362EB0542181F95400416975 /* Info.plist */ = {isa = PBXFileReference; lastKnownFileType = text.plist.xml; path = Info.plist; sourceTree = "<group>"; };
		362EB05A21820C8900416975 /* SearchResponse.swift */ = {isa = PBXFileReference; lastKnownFileType = sourcecode.swift; path = SearchResponse.swift; sourceTree = "<group>"; };
		362EB05C21820D7200416975 /* DataResult.swift */ = {isa = PBXFileReference; lastKnownFileType = sourcecode.swift; path = DataResult.swift; sourceTree = "<group>"; };
		362EB05E21820F7700416975 /* Results.swift */ = {isa = PBXFileReference; lastKnownFileType = sourcecode.swift; path = Results.swift; sourceTree = "<group>"; };
		362EB06021821A6900416975 /* Builder.swift */ = {isa = PBXFileReference; lastKnownFileType = sourcecode.swift; path = Builder.swift; sourceTree = "<group>"; };
		362EB06221821EBD00416975 /* Subways.swift */ = {isa = PBXFileReference; lastKnownFileType = sourcecode.swift; path = Subways.swift; sourceTree = "<group>"; };
		362EB0642182D9DF00416975 /* MinPrices.swift */ = {isa = PBXFileReference; lastKnownFileType = sourcecode.swift; path = MinPrices.swift; sourceTree = "<group>"; };
		362EB069218304D400416975 /* AdvertCell.swift */ = {isa = PBXFileReference; lastKnownFileType = sourcecode.swift; path = AdvertCell.swift; sourceTree = "<group>"; };
		9A2A403657E3C8C07E7358EE /* Pods_testTrand.framework */ = {isa = PBXFileReference; explicitFileType = wrapper.framework; includeInIndex = 0; path = Pods_testTrand.framework; sourceTree = BUILT_PRODUCTS_DIR; };
		9B41A0FD4CD6CDAC29F80C29 /* Pods-testTrand.debug.xcconfig */ = {isa = PBXFileReference; includeInIndex = 1; lastKnownFileType = text.xcconfig; name = "Pods-testTrand.debug.xcconfig"; path = "Pods/Target Support Files/Pods-testTrand/Pods-testTrand.debug.xcconfig"; sourceTree = "<group>"; };
		D1AF30EB28A811ADAEB80F99 /* Pods-testTrand.release.xcconfig */ = {isa = PBXFileReference; includeInIndex = 1; lastKnownFileType = text.xcconfig; name = "Pods-testTrand.release.xcconfig"; path = "Pods/Target Support Files/Pods-testTrand/Pods-testTrand.release.xcconfig"; sourceTree = "<group>"; };
/* End PBXFileReference section */

/* Begin PBXFrameworksBuildPhase section */
		362EB0422181F95400416975 /* Frameworks */ = {
			isa = PBXFrameworksBuildPhase;
			buildActionMask = 2147483647;
			files = (
				02817FE502DA259D9B57D554 /* Pods_testTrand.framework in Frameworks */,
			);
			runOnlyForDeploymentPostprocessing = 0;
		};
/* End PBXFrameworksBuildPhase section */

/* Begin PBXGroup section */
		362EB03C2181F95300416975 = {
			isa = PBXGroup;
			children = (
				362EB0472181F95400416975 /* testTrand */,
				362EB0462181F95400416975 /* Products */,
				413249BDA7E227C3C777D752 /* Pods */,
				8619FD5BF1D14414080785AE /* Frameworks */,
			);
			sourceTree = "<group>";
		};
		362EB0462181F95400416975 /* Products */ = {
			isa = PBXGroup;
			children = (
				362EB0452181F95400416975 /* testTrand.app */,
			);
			name = Products;
			sourceTree = "<group>";
		};
		362EB0472181F95400416975 /* testTrand */ = {
			isa = PBXGroup;
			children = (
				362EB0662182E66C00416975 /* Model */,
				362EB0482181F95400416975 /* AppDelegate.swift */,
				362EB04A2181F95400416975 /* ViewController.swift */,
				362EB04C2181F95400416975 /* Main.storyboard */,
				362EB04F2181F95400416975 /* Assets.xcassets */,
				362EB0512181F95400416975 /* LaunchScreen.storyboard */,
				362EB0542181F95400416975 /* Info.plist */,
				362EB069218304D400416975 /* AdvertCell.swift */,
			);
			path = testTrand;
			sourceTree = "<group>";
		};
		362EB0662182E66C00416975 /* Model */ = {
			isa = PBXGroup;
			children = (
				362EB05A21820C8900416975 /* SearchResponse.swift */,
				362EB05C21820D7200416975 /* DataResult.swift */,
				362EB05E21820F7700416975 /* Results.swift */,
				362EB0642182D9DF00416975 /* MinPrices.swift */,
				362EB06021821A6900416975 /* Builder.swift */,
				362EB06221821EBD00416975 /* Subways.swift */,
			);
			path = Model;
			sourceTree = "<group>";
		};
		413249BDA7E227C3C777D752 /* Pods */ = {
			isa = PBXGroup;
			children = (
				9B41A0FD4CD6CDAC29F80C29 /* Pods-testTrand.debug.xcconfig */,
				D1AF30EB28A811ADAEB80F99 /* Pods-testTrand.release.xcconfig */,
			);
			name = Pods;
			sourceTree = "<group>";
		};
		8619FD5BF1D14414080785AE /* Frameworks */ = {
			isa = PBXGroup;
			children = (
				9A2A403657E3C8C07E7358EE /* Pods_testTrand.framework */,
			);
			name = Frameworks;
			sourceTree = "<group>";
		};
/* End PBXGroup section */

/* Begin PBXNativeTarget section */
		362EB0442181F95400416975 /* testTrand */ = {
			isa = PBXNativeTarget;
			buildConfigurationList = 362EB0572181F95400416975 /* Build configuration list for PBXNativeTarget "testTrand" */;
			buildPhases = (
				ED40B3418AD7540B9BB75B87 /* [CP] Check Pods Manifest.lock */,
				362EB0412181F95400416975 /* Sources */,
				362EB0422181F95400416975 /* Frameworks */,
				362EB0432181F95400416975 /* Resources */,
				5E82FBD804B2B8EC78CAF63C /* [CP] Embed Pods Frameworks */,
			);
			buildRules = (
			);
			dependencies = (
			);
			name = testTrand;
			productName = testTrand;
			productReference = 362EB0452181F95400416975 /* testTrand.app */;
			productType = "com.apple.product-type.application";
		};
/* End PBXNativeTarget section */

/* Begin PBXProject section */
		362EB03D2181F95300416975 /* Project object */ = {
			isa = PBXProject;
			attributes = {
				LastSwiftUpdateCheck = 1000;
				LastUpgradeCheck = 1000;
				ORGANIZATIONNAME = "Sergio Veliz";
				TargetAttributes = {
					362EB0442181F95400416975 = {
						CreatedOnToolsVersion = 10.0;
					};
				};
			};
			buildConfigurationList = 362EB0402181F95300416975 /* Build configuration list for PBXProject "testTrand" */;
			compatibilityVersion = "Xcode 9.3";
			developmentRegion = en;
			hasScannedForEncodings = 0;
			knownRegions = (
				en,
				Base,
			);
			mainGroup = 362EB03C2181F95300416975;
			productRefGroup = 362EB0462181F95400416975 /* Products */;
			projectDirPath = "";
			projectRoot = "";
			targets = (
				362EB0442181F95400416975 /* testTrand */,
			);
		};
/* End PBXProject section */

/* Begin PBXResourcesBuildPhase section */
		362EB0432181F95400416975 /* Resources */ = {
			isa = PBXResourcesBuildPhase;
			buildActionMask = 2147483647;
			files = (
				362EB0532181F95400416975 /* LaunchScreen.storyboard in Resources */,
				362EB0502181F95400416975 /* Assets.xcassets in Resources */,
				362EB04E2181F95400416975 /* Main.storyboard in Resources */,
			);
			runOnlyForDeploymentPostprocessing = 0;
		};
/* End PBXResourcesBuildPhase section */

/* Begin PBXShellScriptBuildPhase section */
		5E82FBD804B2B8EC78CAF63C /* [CP] Embed Pods Frameworks */ = {
			isa = PBXShellScriptBuildPhase;
			buildActionMask = 2147483647;
			files = (
			);
			inputFileListPaths = (
			);
			inputPaths = (
				"${SRCROOT}/Pods/Target Support Files/Pods-testTrand/Pods-testTrand-frameworks.sh",
				"${BUILT_PRODUCTS_DIR}/Alamofire/Alamofire.framework",
				"${BUILT_PRODUCTS_DIR}/DropDown/DropDown.framework",
				"${BUILT_PRODUCTS_DIR}/ObjectMapper/ObjectMapper.framework",
				"${BUILT_PRODUCTS_DIR}/SDWebImage/SDWebImage.framework",
			);
			name = "[CP] Embed Pods Frameworks";
			outputFileListPaths = (
			);
			outputPaths = (
				"${TARGET_BUILD_DIR}/${FRAMEWORKS_FOLDER_PATH}/Alamofire.framework",
				"${TARGET_BUILD_DIR}/${FRAMEWORKS_FOLDER_PATH}/DropDown.framework",
				"${TARGET_BUILD_DIR}/${FRAMEWORKS_FOLDER_PATH}/ObjectMapper.framework",
				"${TARGET_BUILD_DIR}/${FRAMEWORKS_FOLDER_PATH}/SDWebImage.framework",
			);
			runOnlyForDeploymentPostprocessing = 0;
			shellPath = /bin/sh;
			shellScript = "\"${SRCROOT}/Pods/Target Support Files/Pods-testTrand/Pods-testTrand-frameworks.sh\"\n";
			showEnvVarsInLog = 0;
		};
		ED40B3418AD7540B9BB75B87 /* [CP] Check Pods Manifest.lock */ = {
			isa = PBXShellScriptBuildPhase;
			buildActionMask = 2147483647;
			files = (
			);
			inputFileListPaths = (
			);
			inputPaths = (
				"${PODS_PODFILE_DIR_PATH}/Podfile.lock",
				"${PODS_ROOT}/Manifest.lock",
			);
			name = "[CP] Check Pods Manifest.lock";
			outputFileListPaths = (
			);
			outputPaths = (
				"$(DERIVED_FILE_DIR)/Pods-testTrand-checkManifestLockResult.txt",
			);
			runOnlyForDeploymentPostprocessing = 0;
			shellPath = /bin/sh;
			shellScript = "diff \"${PODS_PODFILE_DIR_PATH}/Podfile.lock\" \"${PODS_ROOT}/Manifest.lock\" > /dev/null\nif [ $? != 0 ] ; then\n    # print error to STDERR\n    echo \"error: The sandbox is not in sync with the Podfile.lock. Run 'pod install' or update your CocoaPods installation.\" >&2\n    exit 1\nfi\n# This output is used by Xcode 'outputs' to avoid re-running this script phase.\necho \"SUCCESS\" > \"${SCRIPT_OUTPUT_FILE_0}\"\n";
			showEnvVarsInLog = 0;
		};
/* End PBXShellScriptBuildPhase section */

/* Begin PBXSourcesBuildPhase section */
		362EB0412181F95400416975 /* Sources */ = {
			isa = PBXSourcesBuildPhase;
			buildActionMask = 2147483647;
			files = (
				362EB04B2181F95400416975 /* ViewController.swift in Sources */,
				362EB06321821EBD00416975 /* Subways.swift in Sources */,
				362EB05B21820C8900416975 /* SearchResponse.swift in Sources */,
				362EB06A218304D400416975 /* AdvertCell.swift in Sources */,
				362EB0492181F95400416975 /* AppDelegate.swift in Sources */,
				362EB0652182D9DF00416975 /* MinPrices.swift in Sources */,
				362EB05D21820D7200416975 /* DataResult.swift in Sources */,
				362EB05F21820F7700416975 /* Results.swift in Sources */,
				362EB06121821A6900416975 /* Builder.swift in Sources */,
			);
			runOnlyForDeploymentPostprocessing = 0;
		};
/* End PBXSourcesBuildPhase section */

/* Begin PBXVariantGroup section */
		362EB04C2181F95400416975 /* Main.storyboard */ = {
			isa = PBXVariantGroup;
			children = (
				362EB04D2181F95400416975 /* Base */,
			);
			name = Main.storyboard;
			sourceTree = "<group>";
		};
		362EB0512181F95400416975 /* LaunchScreen.storyboard */ = {
			isa = PBXVariantGroup;
			children = (
				362EB0522181F95400416975 /* Base */,
			);
			name = LaunchScreen.storyboard;
			sourceTree = "<group>";
		};
/* End PBXVariantGroup section */

/* Begin XCBuildConfiguration section */
		362EB0552181F95400416975 /* Debug */ = {
			isa = XCBuildConfiguration;
			buildSettings = {
				ALWAYS_SEARCH_USER_PATHS = NO;
				CLANG_ANALYZER_NONNULL = YES;
				CLANG_ANALYZER_NUMBER_OBJECT_CONVERSION = YES_AGGRESSIVE;
				CLANG_CXX_LANGUAGE_STANDARD = "gnu++14";
				CLANG_CXX_LIBRARY = "libc++";
				CLANG_ENABLE_MODULES = YES;
				CLANG_ENABLE_OBJC_ARC = YES;
				CLANG_ENABLE_OBJC_WEAK = YES;
				CLANG_WARN_BLOCK_CAPTURE_AUTORELEASING = YES;
				CLANG_WARN_BOOL_CONVERSION = YES;
				CLANG_WARN_COMMA = YES;
				CLANG_WARN_CONSTANT_CONVERSION = YES;
				CLANG_WARN_DEPRECATED_OBJC_IMPLEMENTATIONS = YES;
				CLANG_WARN_DIRECT_OBJC_ISA_USAGE = YES_ERROR;
				CLANG_WARN_DOCUMENTATION_COMMENTS = YES;
				CLANG_WARN_EMPTY_BODY = YES;
				CLANG_WARN_ENUM_CONVERSION = YES;
				CLANG_WARN_INFINITE_RECURSION = YES;
				CLANG_WARN_INT_CONVERSION = YES;
				CLANG_WARN_NON_LITERAL_NULL_CONVERSION = YES;
				CLANG_WARN_OBJC_IMPLICIT_RETAIN_SELF = YES;
				CLANG_WARN_OBJC_LITERAL_CONVERSION = YES;
				CLANG_WARN_OBJC_ROOT_CLASS = YES_ERROR;
				CLANG_WARN_RANGE_LOOP_ANALYSIS = YES;
				CLANG_WARN_STRICT_PROTOTYPES = YES;
				CLANG_WARN_SUSPICIOUS_MOVE = YES;
				CLANG_WARN_UNGUARDED_AVAILABILITY = YES_AGGRESSIVE;
				CLANG_WARN_UNREACHABLE_CODE = YES;
				CLANG_WARN__DUPLICATE_METHOD_MATCH = YES;
				CODE_SIGN_IDENTITY = "iPhone Developer";
				COPY_PHASE_STRIP = NO;
				DEBUG_INFORMATION_FORMAT = dwarf;
				ENABLE_STRICT_OBJC_MSGSEND = YES;
				ENABLE_TESTABILITY = YES;
				GCC_C_LANGUAGE_STANDARD = gnu11;
				GCC_DYNAMIC_NO_PIC = NO;
				GCC_NO_COMMON_BLOCKS = YES;
				GCC_OPTIMIZATION_LEVEL = 0;
				GCC_PREPROCESSOR_DEFINITIONS = (
					"DEBUG=1",
					"$(inherited)",
				);
				GCC_WARN_64_TO_32_BIT_CONVERSION = YES;
				GCC_WARN_ABOUT_RETURN_TYPE = YES_ERROR;
				GCC_WARN_UNDECLARED_SELECTOR = YES;
				GCC_WARN_UNINITIALIZED_AUTOS = YES_AGGRESSIVE;
				GCC_WARN_UNUSED_FUNCTION = YES;
				GCC_WARN_UNUSED_VARIABLE = YES;
				IPHONEOS_DEPLOYMENT_TARGET = 12.0;
				MTL_ENABLE_DEBUG_INFO = INCLUDE_SOURCE;
				MTL_FAST_MATH = YES;
				ONLY_ACTIVE_ARCH = YES;
				SDKROOT = iphoneos;
				SWIFT_ACTIVE_COMPILATION_CONDITIONS = DEBUG;
				SWIFT_OPTIMIZATION_LEVEL = "-Onone";
			};
			name = Debug;
		};
		362EB0562181F95400416975 /* Release */ = {
			isa = XCBuildConfiguration;
			buildSettings = {
				ALWAYS_SEARCH_USER_PATHS = NO;
				CLANG_ANALYZER_NONNULL = YES;
				CLANG_ANALYZER_NUMBER_OBJECT_CONVERSION = YES_AGGRESSIVE;
				CLANG_CXX_LANGUAGE_STANDARD = "gnu++14";
				CLANG_CXX_LIBRARY = "libc++";
				CLANG_ENABLE_MODULES = YES;
				CLANG_ENABLE_OBJC_ARC = YES;
				CLANG_ENABLE_OBJC_WEAK = YES;
				CLANG_WARN_BLOCK_CAPTURE_AUTORELEASING = YES;
				CLANG_WARN_BOOL_CONVERSION = YES;
				CLANG_WARN_COMMA = YES;
				CLANG_WARN_CONSTANT_CONVERSION = YES;
				CLANG_WARN_DEPRECATED_OBJC_IMPLEMENTATIONS = YES;
				CLANG_WARN_DIRECT_OBJC_ISA_USAGE = YES_ERROR;
				CLANG_WARN_DOCUMENTATION_COMMENTS = YES;
				CLANG_WARN_EMPTY_BODY = YES;
				CLANG_WARN_ENUM_CONVERSION = YES;
				CLANG_WARN_INFINITE_RECURSION = YES;
				CLANG_WARN_INT_CONVERSION = YES;
				CLANG_WARN_NON_LITERAL_NULL_CONVERSION = YES;
				CLANG_WARN_OBJC_IMPLICIT_RETAIN_SELF = YES;
				CLANG_WARN_OBJC_LITERAL_CONVERSION = YES;
				CLANG_WARN_OBJC_ROOT_CLASS = YES_ERROR;
				CLANG_WARN_RANGE_LOOP_ANALYSIS = YES;
				CLANG_WARN_STRICT_PROTOTYPES = YES;
				CLANG_WARN_SUSPICIOUS_MOVE = YES;
				CLANG_WARN_UNGUARDED_AVAILABILITY = YES_AGGRESSIVE;
				CLANG_WARN_UNREACHABLE_CODE = YES;
				CLANG_WARN__DUPLICATE_METHOD_MATCH = YES;
				CODE_SIGN_IDENTITY = "iPhone Developer";
				COPY_PHASE_STRIP = NO;
				DEBUG_INFORMATION_FORMAT = "dwarf-with-dsym";
				ENABLE_NS_ASSERTIONS = NO;
				ENABLE_STRICT_OBJC_MSGSEND = YES;
				GCC_C_LANGUAGE_STANDARD = gnu11;
				GCC_NO_COMMON_BLOCKS = YES;
				GCC_WARN_64_TO_32_BIT_CONVERSION = YES;
				GCC_WARN_ABOUT_RETURN_TYPE = YES_ERROR;
				GCC_WARN_UNDECLARED_SELECTOR = YES;
				GCC_WARN_UNINITIALIZED_AUTOS = YES_AGGRESSIVE;
				GCC_WARN_UNUSED_FUNCTION = YES;
				GCC_WARN_UNUSED_VARIABLE = YES;
				IPHONEOS_DEPLOYMENT_TARGET = 12.0;
				MTL_ENABLE_DEBUG_INFO = NO;
				MTL_FAST_MATH = YES;
				SDKROOT = iphoneos;
				SWIFT_COMPILATION_MODE = wholemodule;
				SWIFT_OPTIMIZATION_LEVEL = "-O";
				VALIDATE_PRODUCT = YES;
			};
			name = Release;
		};
		362EB0582181F95400416975 /* Debug */ = {
			isa = XCBuildConfiguration;
			baseConfigurationReference = 9B41A0FD4CD6CDAC29F80C29 /* Pods-testTrand.debug.xcconfig */;
			buildSettings = {
				ASSETCATALOG_COMPILER_APPICON_NAME = AppIcon;
				CODE_SIGN_STYLE = Automatic;
				DEVELOPMENT_TEAM = 648T8LEK52;
				INFOPLIST_FILE = testTrand/Info.plist;
				LD_RUNPATH_SEARCH_PATHS = (
					"$(inherited)",
					"@executable_path/Frameworks",
				);
				PRODUCT_BUNDLE_IDENTIFIER = kg.mirsoftllc.testTrand;
				PRODUCT_NAME = "$(TARGET_NAME)";
				SWIFT_VERSION = 4.2;
				TARGETED_DEVICE_FAMILY = "1,2";
			};
			name = Debug;
		};
		362EB0592181F95400416975 /* Release */ = {
			isa = XCBuildConfiguration;
			baseConfigurationReference = D1AF30EB28A811ADAEB80F99 /* Pods-testTrand.release.xcconfig */;
			buildSettings = {
				ASSETCATALOG_COMPILER_APPICON_NAME = AppIcon;
				CODE_SIGN_STYLE = Automatic;
				DEVELOPMENT_TEAM = 648T8LEK52;
				INFOPLIST_FILE = testTrand/Info.plist;
				LD_RUNPATH_SEARCH_PATHS = (
					"$(inherited)",
					"@executable_path/Frameworks",
				);
				PRODUCT_BUNDLE_IDENTIFIER = kg.mirsoftllc.testTrand;
				PRODUCT_NAME = "$(TARGET_NAME)";
				SWIFT_VERSION = 4.2;
				TARGETED_DEVICE_FAMILY = "1,2";
			};
			name = Release;
		};
/* End XCBuildConfiguration section */

/* Begin XCConfigurationList section */
		362EB0402181F95300416975 /* Build configuration list for PBXProject "testTrand" */ = {
			isa = XCConfigurationList;
			buildConfigurations = (
				362EB0552181F95400416975 /* Debug */,
				362EB0562181F95400416975 /* Release */,
			);
			defaultConfigurationIsVisible = 0;
			defaultConfigurationName = Release;
		};
		362EB0572181F95400416975 /* Build configuration list for PBXNativeTarget "testTrand" */ = {
			isa = XCConfigurationList;
			buildConfigurations = (
				362EB0582181F95400416975 /* Debug */,
				362EB0592181F95400416975 /* Release */,
			);
			defaultConfigurationIsVisible = 0;
			defaultConfigurationName = Release;
		};
/* End XCConfigurationList section */
	};
	rootObject = 362EB03D2181F95300416975 /* Project object */;
}
